
Microsoft Visual Studio Solution File, Format Version 12.00
# Visual Studio Version 17
VisualStudioVersion = 17.11.35327.3
MinimumVisualStudioVersion = 10.0.40219.1
Project("{FAE04EC0-301F-11D3-BF4B-00C04F79EFBC}") = "WhiteLagoon.Web", "WhiteLagoon.Web\WhiteLagoon.Web.csproj", "{A80A9BAF-BF18-42E3-BC3B-22575C75BC07}"
EndProject
Project("{FAE04EC0-301F-11D3-BF4B-00C04F79EFBC}") = "WhiteLagoon.Domain", "WhiteLagoon.Domain\WhiteLagoon.Domain.csproj", "{BFDC12AA-F136-4EE8-A0E5-702F5F23300A}"
EndProject
Project("{FAE04EC0-301F-11D3-BF4B-00C04F79EFBC}") = "WhiteLagoon.Application", "WhiteLagoon.Application\WhiteLagoon.Application.csproj", "{95AB0E94-8E28-4328-AF39-13AEC0BA4E7A}"
EndProject
Project("{FAE04EC0-301F-11D3-BF4B-00C04F79EFBC}") = "WhiteLagoon.Infrastructure", "WhiteLagoon.Infrastructure\WhiteLagoon.Infrastructure.csproj", "{2D5481C6-9AB1-4408-A1A8-586C6D636344}"
EndProject
Global
	GlobalSection(SolutionConfigurationPlatforms) = preSolution
		Debug|Any CPU = Debug|Any CPU
		Release|Any CPU = Release|Any CPU
	EndGlobalSection
	GlobalSection(ProjectConfigurationPlatforms) = postSolution
		{A80A9BAF-BF18-42E3-BC3B-22575C75BC07}.Debug|Any CPU.ActiveCfg = Debug|Any CPU
		{A80A9BAF-BF18-42E3-BC3B-22575C75BC07}.Debug|Any CPU.Build.0 = Debug|Any CPU
		{A80A9BAF-BF18-42E3-BC3B-22575C75BC07}.Release|Any CPU.ActiveCfg = Release|Any CPU
		{A80A9BAF-BF18-42E3-BC3B-22575C75BC07}.Release|Any CPU.Build.0 = Release|Any CPU
		{BFDC12AA-F136-4EE8-A0E5-702F5F23300A}.Debug|Any CPU.ActiveCfg = Debug|Any CPU
		{BFDC12AA-F136-4EE8-A0E5-702F5F23300A}.Debug|Any CPU.Build.0 = Debug|Any CPU
		{BFDC12AA-F136-4EE8-A0E5-702F5F23300A}.Release|Any CPU.ActiveCfg = Release|Any CPU
		{BFDC12AA-F136-4EE8-A0E5-702F5F23300A}.Release|Any CPU.Build.0 = Release|Any CPU
		{95AB0E94-8E28-4328-AF39-13AEC0BA4E7A}.Debug|Any CPU.ActiveCfg = Debug|Any CPU
		{95AB0E94-8E28-4328-AF39-13AEC0BA4E7A}.Debug|Any CPU.Build.0 = Debug|Any CPU
		{95AB0E94-8E28-4328-AF39-13AEC0BA4E7A}.Release|Any CPU.ActiveCfg = Release|Any CPU
		{95AB0E94-8E28-4328-AF39-13AEC0BA4E7A}.Release|Any CPU.Build.0 = Release|Any CPU
		{2D5481C6-9AB1-4408-A1A8-586C6D636344}.Debug|Any CPU.ActiveCfg = Debug|Any CPU
		{2D5481C6-9AB1-4408-A1A8-586C6D636344}.Debug|Any CPU.Build.0 = Debug|Any CPU
		{2D5481C6-9AB1-4408-A1A8-586C6D636344}.Release|Any CPU.ActiveCfg = Release|Any CPU
		{2D5481C6-9AB1-4408-A1A8-586C6D636344}.Release|Any CPU.Build.0 = Release|Any CPU
	EndGlobalSection
	GlobalSection(SolutionProperties) = preSolution
		HideSolutionNode = FALSE
	EndGlobalSection
	GlobalSection(ExtensibilityGlobals) = postSolution
		SolutionGuid = {59E2920D-4C09-443C-B147-78CA2318B7C8}
	EndGlobalSection
EndGlobal
