
Microsoft Visual Studio Solution File, Format Version 12.00
# Visual Studio Version 17
VisualStudioVersion = 17.11.35327.3
MinimumVisualStudioVersion = 10.0.40219.1
Project("{FAE04EC0-301F-11D3-BF4B-00C04F79EFBC}") = "WhiteLagoon.Web", "WhiteLagoon.Web\WhiteLagoon.Web.csproj", "{A80A9BAF-BF18-42E3-BC3B-22575C75BC07}"
EndProject
Global
	GlobalSection(SolutionConfigurationPlatforms) = preSolution
		Debug|Any CPU = Debug|Any CPU
		Release|Any CPU = Release|Any CPU
	EndGlobalSection
	GlobalSection(ProjectConfigurationPlatforms) = postSolution
		{A80A9BAF-BF18-42E3-BC3B-22575C75BC07}.Debug|Any CPU.ActiveCfg = Debug|Any CPU
		{A80A9BAF-BF18-42E3-BC3B-22575C75BC07}.Debug|Any CPU.Build.0 = Debug|Any CPU
		{A80A9BAF-BF18-42E3-BC3B-22575C75BC07}.Release|Any CPU.ActiveCfg = Release|Any CPU
		{A80A9BAF-BF18-42E3-BC3B-22575C75BC07}.Release|Any CPU.Build.0 = Release|Any CPU
	EndGlobalSection
	GlobalSection(SolutionProperties) = preSolution
		HideSolutionNode = FALSE
	EndGlobalSection
	GlobalSection(ExtensibilityGlobals) = postSolution
		SolutionGuid = {59E2920D-4C09-443C-B147-78CA2318B7C8}
	EndGlobalSection
EndGlobal
